// !$*UTF8*$!
{
	archiveVersion = 1;
	classes = {
	};
	objectVersion = 55;
	objects = {

/* Begin PBXBuildFile section */
		14EC21F3273982BF000D27EB /* TOUCHDOWNApp.swift in Sources */ = {isa = PBXBuildFile; fileRef = 14EC21F2273982BF000D27EB /* TOUCHDOWNApp.swift */; };
		14EC21F5273982BF000D27EB /* ContentView.swift in Sources */ = {isa = PBXBuildFile; fileRef = 14EC21F4273982BF000D27EB /* ContentView.swift */; };
		14EC21F7273982C0000D27EB /* Assets.xcassets in Resources */ = {isa = PBXBuildFile; fileRef = 14EC21F6273982C0000D27EB /* Assets.xcassets */; };
		14EC21FA273982C0000D27EB /* Preview Assets.xcassets in Resources */ = {isa = PBXBuildFile; fileRef = 14EC21F9273982C0000D27EB /* Preview Assets.xcassets */; };
		14EC22052739835F000D27EB /* player.json in Resources */ = {isa = PBXBuildFile; fileRef = 14EC22012739835F000D27EB /* player.json */; };
		14EC22062739835F000D27EB /* category.json in Resources */ = {isa = PBXBuildFile; fileRef = 14EC22022739835F000D27EB /* category.json */; };
		14EC22072739835F000D27EB /* brand.json in Resources */ = {isa = PBXBuildFile; fileRef = 14EC22032739835F000D27EB /* brand.json */; };
		14EC22082739835F000D27EB /* product.json in Resources */ = {isa = PBXBuildFile; fileRef = 14EC22042739835F000D27EB /* product.json */; };
		14EC2212273984C1000D27EB /* Constant.swift in Sources */ = {isa = PBXBuildFile; fileRef = 14EC2211273984C1000D27EB /* Constant.swift */; };
		14EC2214273985B8000D27EB /* FooterView.swift in Sources */ = {isa = PBXBuildFile; fileRef = 14EC2213273985B8000D27EB /* FooterView.swift */; };
		14EC221627398B3F000D27EB /* NavigationBarView.swift in Sources */ = {isa = PBXBuildFile; fileRef = 14EC221527398B3F000D27EB /* NavigationBarView.swift */; };
		14EC221827398CB2000D27EB /* LogoView.swift in Sources */ = {isa = PBXBuildFile; fileRef = 14EC221727398CB2000D27EB /* LogoView.swift */; };
		14EC221A2739AD09000D27EB /* PlayerModel.swift in Sources */ = {isa = PBXBuildFile; fileRef = 14EC22192739AD09000D27EB /* PlayerModel.swift */; };
		14EC221C2739AD41000D27EB /* CodableBundleExtension.swift in Sources */ = {isa = PBXBuildFile; fileRef = 14EC221B2739AD41000D27EB /* CodableBundleExtension.swift */; };
		14EC221E2739AF0A000D27EB /* FeatureditemView.swift in Sources */ = {isa = PBXBuildFile; fileRef = 14EC221D2739AF0A000D27EB /* FeatureditemView.swift */; };
		14EC22202739AFC9000D27EB /* FeaturedTabView.swift in Sources */ = {isa = PBXBuildFile; fileRef = 14EC221F2739AFC9000D27EB /* FeaturedTabView.swift */; };
		14EC2222273AD876000D27EB /* CategoryModel.swift in Sources */ = {isa = PBXBuildFile; fileRef = 14EC2221273AD876000D27EB /* CategoryModel.swift */; };
		14EC2224273ADA71000D27EB /* CategoryItemView.swift in Sources */ = {isa = PBXBuildFile; fileRef = 14EC2223273ADA71000D27EB /* CategoryItemView.swift */; };
		14EC2226273ADFE8000D27EB /* CategoryGridView.swift in Sources */ = {isa = PBXBuildFile; fileRef = 14EC2225273ADFE8000D27EB /* CategoryGridView.swift */; };
		14EC2228273AFF16000D27EB /* SectionView.swift in Sources */ = {isa = PBXBuildFile; fileRef = 14EC2227273AFF16000D27EB /* SectionView.swift */; };
/* End PBXBuildFile section */

/* Begin PBXFileReference section */
		14EC21EF273982BF000D27EB /* TOUCHDOWN.app */ = {isa = PBXFileReference; explicitFileType = wrapper.application; includeInIndex = 0; path = TOUCHDOWN.app; sourceTree = BUILT_PRODUCTS_DIR; };
		14EC21F2273982BF000D27EB /* TOUCHDOWNApp.swift */ = {isa = PBXFileReference; lastKnownFileType = sourcecode.swift; path = TOUCHDOWNApp.swift; sourceTree = "<group>"; };
		14EC21F4273982BF000D27EB /* ContentView.swift */ = {isa = PBXFileReference; lastKnownFileType = sourcecode.swift; path = ContentView.swift; sourceTree = "<group>"; };
		14EC21F6273982C0000D27EB /* Assets.xcassets */ = {isa = PBXFileReference; lastKnownFileType = folder.assetcatalog; path = Assets.xcassets; sourceTree = "<group>"; };
		14EC21F9273982C0000D27EB /* Preview Assets.xcassets */ = {isa = PBXFileReference; lastKnownFileType = folder.assetcatalog; path = "Preview Assets.xcassets"; sourceTree = "<group>"; };
		14EC22012739835F000D27EB /* player.json */ = {isa = PBXFileReference; fileEncoding = 4; lastKnownFileType = text.json; path = player.json; sourceTree = "<group>"; };
		14EC22022739835F000D27EB /* category.json */ = {isa = PBXFileReference; fileEncoding = 4; lastKnownFileType = text.json; path = category.json; sourceTree = "<group>"; };
		14EC22032739835F000D27EB /* brand.json */ = {isa = PBXFileReference; fileEncoding = 4; lastKnownFileType = text.json; path = brand.json; sourceTree = "<group>"; };
		14EC22042739835F000D27EB /* product.json */ = {isa = PBXFileReference; fileEncoding = 4; lastKnownFileType = text.json; path = product.json; sourceTree = "<group>"; };
		14EC2209273983E7000D27EB /* Info.plist */ = {isa = PBXFileReference; lastKnownFileType = text.plist; path = Info.plist; sourceTree = "<group>"; };
		14EC2211273984C1000D27EB /* Constant.swift */ = {isa = PBXFileReference; lastKnownFileType = sourcecode.swift; path = Constant.swift; sourceTree = "<group>"; };
		14EC2213273985B8000D27EB /* FooterView.swift */ = {isa = PBXFileReference; lastKnownFileType = sourcecode.swift; path = FooterView.swift; sourceTree = "<group>"; };
		14EC221527398B3F000D27EB /* NavigationBarView.swift */ = {isa = PBXFileReference; lastKnownFileType = sourcecode.swift; path = NavigationBarView.swift; sourceTree = "<group>"; };
		14EC221727398CB2000D27EB /* LogoView.swift */ = {isa = PBXFileReference; lastKnownFileType = sourcecode.swift; path = LogoView.swift; sourceTree = "<group>"; };
		14EC22192739AD09000D27EB /* PlayerModel.swift */ = {isa = PBXFileReference; lastKnownFileType = sourcecode.swift; path = PlayerModel.swift; sourceTree = "<group>"; };
		14EC221B2739AD41000D27EB /* CodableBundleExtension.swift */ = {isa = PBXFileReference; lastKnownFileType = sourcecode.swift; path = CodableBundleExtension.swift; sourceTree = "<group>"; };
		14EC221D2739AF0A000D27EB /* FeatureditemView.swift */ = {isa = PBXFileReference; lastKnownFileType = sourcecode.swift; path = FeatureditemView.swift; sourceTree = "<group>"; };
		14EC221F2739AFC9000D27EB /* FeaturedTabView.swift */ = {isa = PBXFileReference; lastKnownFileType = sourcecode.swift; path = FeaturedTabView.swift; sourceTree = "<group>"; };
		14EC2221273AD876000D27EB /* CategoryModel.swift */ = {isa = PBXFileReference; lastKnownFileType = sourcecode.swift; path = CategoryModel.swift; sourceTree = "<group>"; };
		14EC2223273ADA71000D27EB /* CategoryItemView.swift */ = {isa = PBXFileReference; lastKnownFileType = sourcecode.swift; path = CategoryItemView.swift; sourceTree = "<group>"; };
		14EC2225273ADFE8000D27EB /* CategoryGridView.swift */ = {isa = PBXFileReference; lastKnownFileType = sourcecode.swift; path = CategoryGridView.swift; sourceTree = "<group>"; };
		14EC2227273AFF16000D27EB /* SectionView.swift */ = {isa = PBXFileReference; lastKnownFileType = sourcecode.swift; path = SectionView.swift; sourceTree = "<group>"; };
/* End PBXFileReference section */

/* Begin PBXFrameworksBuildPhase section */
		14EC21EC273982BF000D27EB /* Frameworks */ = {
			isa = PBXFrameworksBuildPhase;
			buildActionMask = 2147483647;
			files = (
			);
			runOnlyForDeploymentPostprocessing = 0;
		};
/* End PBXFrameworksBuildPhase section */

/* Begin PBXGroup section */
		14EC21E6273982BF000D27EB = {
			isa = PBXGroup;
			children = (
				14EC21F1273982BF000D27EB /* TOUCHDOWN */,
				14EC21F0273982BF000D27EB /* Products */,
			);
			sourceTree = "<group>";
		};
		14EC21F0273982BF000D27EB /* Products */ = {
			isa = PBXGroup;
			children = (
				14EC21EF273982BF000D27EB /* TOUCHDOWN.app */,
			);
			name = Products;
			sourceTree = "<group>";
		};
		14EC21F1273982BF000D27EB /* TOUCHDOWN */ = {
			isa = PBXGroup;
			children = (
				14EC2210273984AD000D27EB /* Utility */,
				14EC220F2739849B000D27EB /* Extension */,
				14EC220E27398494000D27EB /* Model */,
				14EC220A2739844D000D27EB /* View */,
				14EC2209273983E7000D27EB /* Info.plist */,
				14EC220027398347000D27EB /* Data */,
				14EC220B27398470000D27EB /* App */,
				14EC21F6273982C0000D27EB /* Assets.xcassets */,
				14EC21F8273982C0000D27EB /* Preview Content */,
			);
			path = TOUCHDOWN;
			sourceTree = "<group>";
		};
		14EC21F8273982C0000D27EB /* Preview Content */ = {
			isa = PBXGroup;
			children = (
				14EC21F9273982C0000D27EB /* Preview Assets.xcassets */,
			);
			path = "Preview Content";
			sourceTree = "<group>";
		};
		14EC220027398347000D27EB /* Data */ = {
			isa = PBXGroup;
			children = (
				14EC22032739835F000D27EB /* brand.json */,
				14EC22022739835F000D27EB /* category.json */,
				14EC22012739835F000D27EB /* player.json */,
				14EC22042739835F000D27EB /* product.json */,
			);
			path = Data;
			sourceTree = "<group>";
		};
		14EC220A2739844D000D27EB /* View */ = {
			isa = PBXGroup;
			children = (
				14EC220C27398478000D27EB /* Home */,
				14EC220D27398481000D27EB /* Detail */,
			);
			path = View;
			sourceTree = "<group>";
		};
		14EC220B27398470000D27EB /* App */ = {
			isa = PBXGroup;
			children = (
				14EC21F2273982BF000D27EB /* TOUCHDOWNApp.swift */,
				14EC21F4273982BF000D27EB /* ContentView.swift */,
			);
			path = App;
			sourceTree = "<group>";
		};
		14EC220C27398478000D27EB /* Home */ = {
			isa = PBXGroup;
			children = (
				14EC2213273985B8000D27EB /* FooterView.swift */,
				14EC221527398B3F000D27EB /* NavigationBarView.swift */,
				14EC221727398CB2000D27EB /* LogoView.swift */,
				14EC221D2739AF0A000D27EB /* FeatureditemView.swift */,
				14EC221F2739AFC9000D27EB /* FeaturedTabView.swift */,
				14EC2223273ADA71000D27EB /* CategoryItemView.swift */,
				14EC2225273ADFE8000D27EB /* CategoryGridView.swift */,
				14EC2227273AFF16000D27EB /* SectionView.swift */,
			);
			path = Home;
			sourceTree = "<group>";
		};
		14EC220D27398481000D27EB /* Detail */ = {
			isa = PBXGroup;
			children = (
			);
			path = Detail;
			sourceTree = "<group>";
		};
		14EC220E27398494000D27EB /* Model */ = {
			isa = PBXGroup;
			children = (
				14EC22192739AD09000D27EB /* PlayerModel.swift */,
				14EC2221273AD876000D27EB /* CategoryModel.swift */,
			);
			path = Model;
			sourceTree = "<group>";
		};
		14EC220F2739849B000D27EB /* Extension */ = {
			isa = PBXGroup;
			children = (
				14EC221B2739AD41000D27EB /* CodableBundleExtension.swift */,
			);
			path = Extension;
			sourceTree = "<group>";
		};
		14EC2210273984AD000D27EB /* Utility */ = {
			isa = PBXGroup;
			children = (
				14EC2211273984C1000D27EB /* Constant.swift */,
			);
			path = Utility;
			sourceTree = "<group>";
		};
/* End PBXGroup section */

/* Begin PBXNativeTarget section */
		14EC21EE273982BF000D27EB /* TOUCHDOWN */ = {
			isa = PBXNativeTarget;
			buildConfigurationList = 14EC21FD273982C0000D27EB /* Build configuration list for PBXNativeTarget "TOUCHDOWN" */;
			buildPhases = (
				14EC21EB273982BF000D27EB /* Sources */,
				14EC21EC273982BF000D27EB /* Frameworks */,
				14EC21ED273982BF000D27EB /* Resources */,
			);
			buildRules = (
			);
			dependencies = (
			);
			name = TOUCHDOWN;
			productName = TOUCHDOWN;
			productReference = 14EC21EF273982BF000D27EB /* TOUCHDOWN.app */;
			productType = "com.apple.product-type.application";
		};
/* End PBXNativeTarget section */

/* Begin PBXProject section */
		14EC21E7273982BF000D27EB /* Project object */ = {
			isa = PBXProject;
			attributes = {
				BuildIndependentTargetsInParallel = 1;
				LastSwiftUpdateCheck = 1300;
				LastUpgradeCheck = 1300;
				TargetAttributes = {
					14EC21EE273982BF000D27EB = {
						CreatedOnToolsVersion = 13.0;
					};
				};
			};
			buildConfigurationList = 14EC21EA273982BF000D27EB /* Build configuration list for PBXProject "TOUCHDOWN" */;
			compatibilityVersion = "Xcode 13.0";
			developmentRegion = en;
			hasScannedForEncodings = 0;
			knownRegions = (
				en,
				Base,
			);
			mainGroup = 14EC21E6273982BF000D27EB;
			productRefGroup = 14EC21F0273982BF000D27EB /* Products */;
			projectDirPath = "";
			projectRoot = "";
			targets = (
				14EC21EE273982BF000D27EB /* TOUCHDOWN */,
			);
		};
/* End PBXProject section */

/* Begin PBXResourcesBuildPhase section */
		14EC21ED273982BF000D27EB /* Resources */ = {
			isa = PBXResourcesBuildPhase;
			buildActionMask = 2147483647;
			files = (
				14EC22052739835F000D27EB /* player.json in Resources */,
				14EC22072739835F000D27EB /* brand.json in Resources */,
				14EC21FA273982C0000D27EB /* Preview Assets.xcassets in Resources */,
				14EC21F7273982C0000D27EB /* Assets.xcassets in Resources */,
				14EC22062739835F000D27EB /* category.json in Resources */,
				14EC22082739835F000D27EB /* product.json in Resources */,
			);
			runOnlyForDeploymentPostprocessing = 0;
		};
/* End PBXResourcesBuildPhase section */

/* Begin PBXSourcesBuildPhase section */
		14EC21EB273982BF000D27EB /* Sources */ = {
			isa = PBXSourcesBuildPhase;
			buildActionMask = 2147483647;
			files = (
				14EC221C2739AD41000D27EB /* CodableBundleExtension.swift in Sources */,
				14EC21F5273982BF000D27EB /* ContentView.swift in Sources */,
				14EC221827398CB2000D27EB /* LogoView.swift in Sources */,
				14EC2214273985B8000D27EB /* FooterView.swift in Sources */,
				14EC21F3273982BF000D27EB /* TOUCHDOWNApp.swift in Sources */,
				14EC2212273984C1000D27EB /* Constant.swift in Sources */,
				14EC221E2739AF0A000D27EB /* FeatureditemView.swift in Sources */,
				14EC2222273AD876000D27EB /* CategoryModel.swift in Sources */,
				14EC2226273ADFE8000D27EB /* CategoryGridView.swift in Sources */,
				14EC221627398B3F000D27EB /* NavigationBarView.swift in Sources */,
				14EC2228273AFF16000D27EB /* SectionView.swift in Sources */,
				14EC2224273ADA71000D27EB /* CategoryItemView.swift in Sources */,
				14EC22202739AFC9000D27EB /* FeaturedTabView.swift in Sources */,
				14EC221A2739AD09000D27EB /* PlayerModel.swift in Sources */,
			);
			runOnlyForDeploymentPostprocessing = 0;
		};
/* End PBXSourcesBuildPhase section */

/* Begin XCBuildConfiguration section */
		14EC21FB273982C0000D27EB /* Debug */ = {
			isa = XCBuildConfiguration;
			buildSettings = {
				ALWAYS_SEARCH_USER_PATHS = NO;
				CLANG_ANALYZER_NONNULL = YES;
				CLANG_ANALYZER_NUMBER_OBJECT_CONVERSION = YES_AGGRESSIVE;
				CLANG_CXX_LANGUAGE_STANDARD = "gnu++17";
				CLANG_CXX_LIBRARY = "libc++";
				CLANG_ENABLE_MODULES = YES;
				CLANG_ENABLE_OBJC_ARC = YES;
				CLANG_ENABLE_OBJC_WEAK = YES;
				CLANG_WARN_BLOCK_CAPTURE_AUTORELEASING = YES;
				CLANG_WARN_BOOL_CONVERSION = YES;
				CLANG_WARN_COMMA = YES;
				CLANG_WARN_CONSTANT_CONVERSION = YES;
				CLANG_WARN_DEPRECATED_OBJC_IMPLEMENTATIONS = YES;
				CLANG_WARN_DIRECT_OBJC_ISA_USAGE = YES_ERROR;
				CLANG_WARN_DOCUMENTATION_COMMENTS = YES;
				CLANG_WARN_EMPTY_BODY = YES;
				CLANG_WARN_ENUM_CONVERSION = YES;
				CLANG_WARN_INFINITE_RECURSION = YES;
				CLANG_WARN_INT_CONVERSION = YES;
				CLANG_WARN_NON_LITERAL_NULL_CONVERSION = YES;
				CLANG_WARN_OBJC_IMPLICIT_RETAIN_SELF = YES;
				CLANG_WARN_OBJC_LITERAL_CONVERSION = YES;
				CLANG_WARN_OBJC_ROOT_CLASS = YES_ERROR;
				CLANG_WARN_QUOTED_INCLUDE_IN_FRAMEWORK_HEADER = YES;
				CLANG_WARN_RANGE_LOOP_ANALYSIS = YES;
				CLANG_WARN_STRICT_PROTOTYPES = YES;
				CLANG_WARN_SUSPICIOUS_MOVE = YES;
				CLANG_WARN_UNGUARDED_AVAILABILITY = YES_AGGRESSIVE;
				CLANG_WARN_UNREACHABLE_CODE = YES;
				CLANG_WARN__DUPLICATE_METHOD_MATCH = YES;
				COPY_PHASE_STRIP = NO;
				DEBUG_INFORMATION_FORMAT = dwarf;
				ENABLE_STRICT_OBJC_MSGSEND = YES;
				ENABLE_TESTABILITY = YES;
				GCC_C_LANGUAGE_STANDARD = gnu11;
				GCC_DYNAMIC_NO_PIC = NO;
				GCC_NO_COMMON_BLOCKS = YES;
				GCC_OPTIMIZATION_LEVEL = 0;
				GCC_PREPROCESSOR_DEFINITIONS = (
					"DEBUG=1",
					"$(inherited)",
				);
				GCC_WARN_64_TO_32_BIT_CONVERSION = YES;
				GCC_WARN_ABOUT_RETURN_TYPE = YES_ERROR;
				GCC_WARN_UNDECLARED_SELECTOR = YES;
				GCC_WARN_UNINITIALIZED_AUTOS = YES_AGGRESSIVE;
				GCC_WARN_UNUSED_FUNCTION = YES;
				GCC_WARN_UNUSED_VARIABLE = YES;
				IPHONEOS_DEPLOYMENT_TARGET = 15.0;
				MTL_ENABLE_DEBUG_INFO = INCLUDE_SOURCE;
				MTL_FAST_MATH = YES;
				ONLY_ACTIVE_ARCH = YES;
				SDKROOT = iphoneos;
				SWIFT_ACTIVE_COMPILATION_CONDITIONS = DEBUG;
				SWIFT_OPTIMIZATION_LEVEL = "-Onone";
			};
			name = Debug;
		};
		14EC21FC273982C0000D27EB /* Release */ = {
			isa = XCBuildConfiguration;
			buildSettings = {
				ALWAYS_SEARCH_USER_PATHS = NO;
				CLANG_ANALYZER_NONNULL = YES;
				CLANG_ANALYZER_NUMBER_OBJECT_CONVERSION = YES_AGGRESSIVE;
				CLANG_CXX_LANGUAGE_STANDARD = "gnu++17";
				CLANG_CXX_LIBRARY = "libc++";
				CLANG_ENABLE_MODULES = YES;
				CLANG_ENABLE_OBJC_ARC = YES;
				CLANG_ENABLE_OBJC_WEAK = YES;
				CLANG_WARN_BLOCK_CAPTURE_AUTORELEASING = YES;
				CLANG_WARN_BOOL_CONVERSION = YES;
				CLANG_WARN_COMMA = YES;
				CLANG_WARN_CONSTANT_CONVERSION = YES;
				CLANG_WARN_DEPRECATED_OBJC_IMPLEMENTATIONS = YES;
				CLANG_WARN_DIRECT_OBJC_ISA_USAGE = YES_ERROR;
				CLANG_WARN_DOCUMENTATION_COMMENTS = YES;
				CLANG_WARN_EMPTY_BODY = YES;
				CLANG_WARN_ENUM_CONVERSION = YES;
				CLANG_WARN_INFINITE_RECURSION = YES;
				CLANG_WARN_INT_CONVERSION = YES;
				CLANG_WARN_NON_LITERAL_NULL_CONVERSION = YES;
				CLANG_WARN_OBJC_IMPLICIT_RETAIN_SELF = YES;
				CLANG_WARN_OBJC_LITERAL_CONVERSION = YES;
				CLANG_WARN_OBJC_ROOT_CLASS = YES_ERROR;
				CLANG_WARN_QUOTED_INCLUDE_IN_FRAMEWORK_HEADER = YES;
				CLANG_WARN_RANGE_LOOP_ANALYSIS = YES;
				CLANG_WARN_STRICT_PROTOTYPES = YES;
				CLANG_WARN_SUSPICIOUS_MOVE = YES;
				CLANG_WARN_UNGUARDED_AVAILABILITY = YES_AGGRESSIVE;
				CLANG_WARN_UNREACHABLE_CODE = YES;
				CLANG_WARN__DUPLICATE_METHOD_MATCH = YES;
				COPY_PHASE_STRIP = NO;
				DEBUG_INFORMATION_FORMAT = "dwarf-with-dsym";
				ENABLE_NS_ASSERTIONS = NO;
				ENABLE_STRICT_OBJC_MSGSEND = YES;
				GCC_C_LANGUAGE_STANDARD = gnu11;
				GCC_NO_COMMON_BLOCKS = YES;
				GCC_WARN_64_TO_32_BIT_CONVERSION = YES;
				GCC_WARN_ABOUT_RETURN_TYPE = YES_ERROR;
				GCC_WARN_UNDECLARED_SELECTOR = YES;
				GCC_WARN_UNINITIALIZED_AUTOS = YES_AGGRESSIVE;
				GCC_WARN_UNUSED_FUNCTION = YES;
				GCC_WARN_UNUSED_VARIABLE = YES;
				IPHONEOS_DEPLOYMENT_TARGET = 15.0;
				MTL_ENABLE_DEBUG_INFO = NO;
				MTL_FAST_MATH = YES;
				SDKROOT = iphoneos;
				SWIFT_COMPILATION_MODE = wholemodule;
				SWIFT_OPTIMIZATION_LEVEL = "-O";
				VALIDATE_PRODUCT = YES;
			};
			name = Release;
		};
		14EC21FE273982C0000D27EB /* Debug */ = {
			isa = XCBuildConfiguration;
			buildSettings = {
				ASSETCATALOG_COMPILER_APPICON_NAME = AppIcon;
				ASSETCATALOG_COMPILER_GLOBAL_ACCENT_COLOR_NAME = AccentColor;
				CODE_SIGN_STYLE = Automatic;
				CURRENT_PROJECT_VERSION = 1;
				DEVELOPMENT_ASSET_PATHS = "\"TOUCHDOWN/Preview Content\"";
				DEVELOPMENT_TEAM = 34Y439LF9F;
				ENABLE_PREVIEWS = YES;
				GENERATE_INFOPLIST_FILE = YES;
				INFOPLIST_FILE = TOUCHDOWN/Info.plist;
				INFOPLIST_KEY_UIApplicationSceneManifest_Generation = YES;
				INFOPLIST_KEY_UIApplicationSupportsIndirectInputEvents = YES;
				INFOPLIST_KEY_UISupportedInterfaceOrientations = UIInterfaceOrientationPortrait;
				INFOPLIST_KEY_UISupportedInterfaceOrientations_iPad = "UIInterfaceOrientationPortrait UIInterfaceOrientationPortraitUpsideDown UIInterfaceOrientationLandscapeLeft UIInterfaceOrientationLandscapeRight";
				INFOPLIST_KEY_UISupportedInterfaceOrientations_iPhone = "UIInterfaceOrientationPortrait UIInterfaceOrientationLandscapeLeft UIInterfaceOrientationLandscapeRight";
				INFOPLIST_KEY_UIUserInterfaceStyle = Light;
				IPHONEOS_DEPLOYMENT_TARGET = 14.0;
				LD_RUNPATH_SEARCH_PATHS = (
					"$(inherited)",
					"@executable_path/Frameworks",
				);
				MARKETING_VERSION = 1.0;
				PRODUCT_BUNDLE_IDENTIFIER = com.baincorp.TOUCHDOWN;
				PRODUCT_NAME = "$(TARGET_NAME)";
				SWIFT_EMIT_LOC_STRINGS = YES;
				SWIFT_VERSION = 5.0;
				TARGETED_DEVICE_FAMILY = "1,2";
			};
			name = Debug;
		};
		14EC21FF273982C0000D27EB /* Release */ = {
			isa = XCBuildConfiguration;
			buildSettings = {
				ASSETCATALOG_COMPILER_APPICON_NAME = AppIcon;
				ASSETCATALOG_COMPILER_GLOBAL_ACCENT_COLOR_NAME = AccentColor;
				CODE_SIGN_STYLE = Automatic;
				CURRENT_PROJECT_VERSION = 1;
				DEVELOPMENT_ASSET_PATHS = "\"TOUCHDOWN/Preview Content\"";
				DEVELOPMENT_TEAM = 34Y439LF9F;
				ENABLE_PREVIEWS = YES;
				GENERATE_INFOPLIST_FILE = YES;
				INFOPLIST_FILE = TOUCHDOWN/Info.plist;
				INFOPLIST_KEY_UIApplicationSceneManifest_Generation = YES;
				INFOPLIST_KEY_UIApplicationSupportsIndirectInputEvents = YES;
				INFOPLIST_KEY_UISupportedInterfaceOrientations = UIInterfaceOrientationPortrait;
				INFOPLIST_KEY_UISupportedInterfaceOrientations_iPad = "UIInterfaceOrientationPortrait UIInterfaceOrientationPortraitUpsideDown UIInterfaceOrientationLandscapeLeft UIInterfaceOrientationLandscapeRight";
				INFOPLIST_KEY_UISupportedInterfaceOrientations_iPhone = "UIInterfaceOrientationPortrait UIInterfaceOrientationLandscapeLeft UIInterfaceOrientationLandscapeRight";
				INFOPLIST_KEY_UIUserInterfaceStyle = Light;
				IPHONEOS_DEPLOYMENT_TARGET = 14.0;
				LD_RUNPATH_SEARCH_PATHS = (
					"$(inherited)",
					"@executable_path/Frameworks",
				);
				MARKETING_VERSION = 1.0;
				PRODUCT_BUNDLE_IDENTIFIER = com.baincorp.TOUCHDOWN;
				PRODUCT_NAME = "$(TARGET_NAME)";
				SWIFT_EMIT_LOC_STRINGS = YES;
				SWIFT_VERSION = 5.0;
				TARGETED_DEVICE_FAMILY = "1,2";
			};
			name = Release;
		};
/* End XCBuildConfiguration section */

/* Begin XCConfigurationList section */
		14EC21EA273982BF000D27EB /* Build configuration list for PBXProject "TOUCHDOWN" */ = {
			isa = XCConfigurationList;
			buildConfigurations = (
				14EC21FB273982C0000D27EB /* Debug */,
				14EC21FC273982C0000D27EB /* Release */,
			);
			defaultConfigurationIsVisible = 0;
			defaultConfigurationName = Release;
		};
		14EC21FD273982C0000D27EB /* Build configuration list for PBXNativeTarget "TOUCHDOWN" */ = {
			isa = XCConfigurationList;
			buildConfigurations = (
				14EC21FE273982C0000D27EB /* Debug */,
				14EC21FF273982C0000D27EB /* Release */,
			);
			defaultConfigurationIsVisible = 0;
			defaultConfigurationName = Release;
		};
/* End XCConfigurationList section */
	};
	rootObject = 14EC21E7273982BF000D27EB /* Project object */;
}
